
Microsoft Visual Studio Solution File, Format Version 12.00
# Visual Studio Version 17
VisualStudioVersion = 17.0.32014.148
MinimumVisualStudioVersion = 10.0.40219.1
Project("{9A19103F-16F7-4668-BE54-9A1E7A4F7556}") = "BL", "RetirementSimulator\BL.csproj", "{1CEBF661-6A85-4AED-9D1C-4F4CEB26FC22}"
EndProject
Project("{9A19103F-16F7-4668-BE54-9A1E7A4F7556}") = "DL", "Dal\DL.csproj", "{69A38DC6-8FA7-41F7-85DC-BC276AF77B0D}"
EndProject
Project("{9A19103F-16F7-4668-BE54-9A1E7A4F7556}") = "UI", "PL\UI.csproj", "{BCB21942-7AC5-417D-AC87-5F2A481E5926}"
EndProject
Project("{FAE04EC0-301F-11D3-BF4B-00C04F79EFBC}") = "RetirementSimulatorTest", "RetirementSimulatorTest\RetirementSimulatorTest.csproj", "{065B1774-DC51-426F-9A9D-E2301601FAD9}"
EndProject
Global
	GlobalSection(SolutionConfigurationPlatforms) = preSolution
		Debug|Any CPU = Debug|Any CPU
		Release|Any CPU = Release|Any CPU
	EndGlobalSection
	GlobalSection(ProjectConfigurationPlatforms) = postSolution
		{1CEBF661-6A85-4AED-9D1C-4F4CEB26FC22}.Debug|Any CPU.ActiveCfg = Debug|Any CPU
		{1CEBF661-6A85-4AED-9D1C-4F4CEB26FC22}.Debug|Any CPU.Build.0 = Debug|Any CPU
		{1CEBF661-6A85-4AED-9D1C-4F4CEB26FC22}.Release|Any CPU.ActiveCfg = Release|Any CPU
		{1CEBF661-6A85-4AED-9D1C-4F4CEB26FC22}.Release|Any CPU.Build.0 = Release|Any CPU
		{69A38DC6-8FA7-41F7-85DC-BC276AF77B0D}.Debug|Any CPU.ActiveCfg = Debug|Any CPU
		{69A38DC6-8FA7-41F7-85DC-BC276AF77B0D}.Debug|Any CPU.Build.0 = Debug|Any CPU
		{69A38DC6-8FA7-41F7-85DC-BC276AF77B0D}.Release|Any CPU.ActiveCfg = Release|Any CPU
		{69A38DC6-8FA7-41F7-85DC-BC276AF77B0D}.Release|Any CPU.Build.0 = Release|Any CPU
		{BCB21942-7AC5-417D-AC87-5F2A481E5926}.Debug|Any CPU.ActiveCfg = Debug|Any CPU
		{BCB21942-7AC5-417D-AC87-5F2A481E5926}.Debug|Any CPU.Build.0 = Debug|Any CPU
		{BCB21942-7AC5-417D-AC87-5F2A481E5926}.Release|Any CPU.ActiveCfg = Release|Any CPU
		{BCB21942-7AC5-417D-AC87-5F2A481E5926}.Release|Any CPU.Build.0 = Release|Any CPU
		{065B1774-DC51-426F-9A9D-E2301601FAD9}.Debug|Any CPU.ActiveCfg = Debug|Any CPU
		{065B1774-DC51-426F-9A9D-E2301601FAD9}.Debug|Any CPU.Build.0 = Debug|Any CPU
		{065B1774-DC51-426F-9A9D-E2301601FAD9}.Release|Any CPU.ActiveCfg = Release|Any CPU
		{065B1774-DC51-426F-9A9D-E2301601FAD9}.Release|Any CPU.Build.0 = Release|Any CPU
	EndGlobalSection
	GlobalSection(SolutionProperties) = preSolution
		HideSolutionNode = FALSE
	EndGlobalSection
	GlobalSection(ExtensibilityGlobals) = postSolution
		SolutionGuid = {468AD581-763D-4CEF-BFB9-BFD5B2CEDE85}
	EndGlobalSection
EndGlobal
